
Microsoft Visual Studio Solution File, Format Version 12.00
# Visual Studio Version 16
VisualStudioVersion = 16.0.30523.141
MinimumVisualStudioVersion = 10.0.40219.1
Project("{FAE04EC0-301F-11D3-BF4B-00C04F79EFBC}") = "AutomationProject_CSharp", "AutomationProject_CSharp\AutomationProject_CSharp.csproj", "{DC6D8792-C9E3-4AD2-B883-4E52215E9766}"
EndProject
Global
	GlobalSection(SolutionConfigurationPlatforms) = preSolution
		Debug|Any CPU = Debug|Any CPU
		Release|Any CPU = Release|Any CPU
	EndGlobalSection
	GlobalSection(ProjectConfigurationPlatforms) = postSolution
		{DC6D8792-C9E3-4AD2-B883-4E52215E9766}.Debug|Any CPU.ActiveCfg = Debug|Any CPU
		{DC6D8792-C9E3-4AD2-B883-4E52215E9766}.Debug|Any CPU.Build.0 = Debug|Any CPU
		{DC6D8792-C9E3-4AD2-B883-4E52215E9766}.Release|Any CPU.ActiveCfg = Release|Any CPU
		{DC6D8792-C9E3-4AD2-B883-4E52215E9766}.Release|Any CPU.Build.0 = Release|Any CPU
	EndGlobalSection
	GlobalSection(SolutionProperties) = preSolution
		HideSolutionNode = FALSE
	EndGlobalSection
	GlobalSection(ExtensibilityGlobals) = postSolution
		SolutionGuid = {87F93B09-40D7-48B5-8295-271F684BC476}
	EndGlobalSection
EndGlobal
